
Microsoft Visual Studio Solution File, Format Version 12.00
# Visual Studio Version 17
VisualStudioVersion = 17.5.33424.131
MinimumVisualStudioVersion = 10.0.40219.1
Project("{FAE04EC0-301F-11D3-BF4B-00C04F79EFBC}") = "HangmanGame1", "HangmanGame1\HangmanGame1.csproj", "{87ADB367-F11A-4FD8-A658-50CCD40EB293}"
EndProject
Global
	GlobalSection(SolutionConfigurationPlatforms) = preSolution
		Debug|Any CPU = Debug|Any CPU
		Release|Any CPU = Release|Any CPU
	EndGlobalSection
	GlobalSection(ProjectConfigurationPlatforms) = postSolution
		{87ADB367-F11A-4FD8-A658-50CCD40EB293}.Debug|Any CPU.ActiveCfg = Debug|Any CPU
		{87ADB367-F11A-4FD8-A658-50CCD40EB293}.Debug|Any CPU.Build.0 = Debug|Any CPU
		{87ADB367-F11A-4FD8-A658-50CCD40EB293}.Release|Any CPU.ActiveCfg = Release|Any CPU
		{87ADB367-F11A-4FD8-A658-50CCD40EB293}.Release|Any CPU.Build.0 = Release|Any CPU
	EndGlobalSection
	GlobalSection(SolutionProperties) = preSolution
		HideSolutionNode = FALSE
	EndGlobalSection
	GlobalSection(ExtensibilityGlobals) = postSolution
		SolutionGuid = {E069E757-D2B5-49B3-AF8F-0E8590FA251C}
	EndGlobalSection
EndGlobal
